
Microsoft Visual Studio Solution File, Format Version 12.00
# Visual Studio Version 17
VisualStudioVersion = 17.2.32526.322
MinimumVisualStudioVersion = 10.0.40219.1
Project("{FAE04EC0-301F-11D3-BF4B-00C04F79EFBC}") = "TCU_FleaMarket", "TCU_FleaMarket.csproj", "{F249F4E8-DFE7-4123-BEBC-B42B0E6BD414}"
EndProject
Global
	GlobalSection(SolutionConfigurationPlatforms) = preSolution
		Debug|Any CPU = Debug|Any CPU
		Release|Any CPU = Release|Any CPU
	EndGlobalSection
	GlobalSection(ProjectConfigurationPlatforms) = postSolution
		{F249F4E8-DFE7-4123-BEBC-B42B0E6BD414}.Debug|Any CPU.ActiveCfg = Debug|Any CPU
		{F249F4E8-DFE7-4123-BEBC-B42B0E6BD414}.Debug|Any CPU.Build.0 = Debug|Any CPU
		{F249F4E8-DFE7-4123-BEBC-B42B0E6BD414}.Release|Any CPU.ActiveCfg = Release|Any CPU
		{F249F4E8-DFE7-4123-BEBC-B42B0E6BD414}.Release|Any CPU.Build.0 = Release|Any CPU
	EndGlobalSection
	GlobalSection(SolutionProperties) = preSolution
		HideSolutionNode = FALSE
	EndGlobalSection
	GlobalSection(ExtensibilityGlobals) = postSolution
		SolutionGuid = {0AF771C5-E1FC-4FF1-8E33-CE1857F1F499}
	EndGlobalSection
EndGlobal
